<?xml version="1.0" encoding="utf-8"?>
<Project ToolsVersion="4.0" xmlns="http://schemas.microsoft.com/developer/msbuild/2003">
  <ItemGroup>
    <Filter Include="资源文件">
      <UniqueIdentifier>{67DA6AB6-F800-4c08-8B7A-83BB121AAD01}</UniqueIdentifier>
      <Extensions>rc;ico;cur;bmp;dlg;rc2;rct;bin;rgs;gif;jpg;jpeg;jpe;resx;tiff;tif;png;wav;mfcribbon-ms</Extensions>
    </Filter>
    <Filter Include="Manager">
      <UniqueIdentifier>{45aaec80-90c4-4fa9-8440-ff250b81d44e}</UniqueIdentifier>
    </Filter>
    <Filter Include="Entity">
      <UniqueIdentifier>{a5502b72-362f-4d17-a87a-1ba2e2c25c0e}</UniqueIdentifier>
    </Filter>
    <Filter Include="资源文件\FontShader">
      <UniqueIdentifier>{0e25a8ff-a155-46f8-a4d8-ab0d8d7f7145}</UniqueIdentifier>
    </Filter>
    <Filter Include="资源文件\PointShader">
      <UniqueIdentifier>{e7051904-3c86-427f-b4b6-7dae7394c311}</UniqueIdentifier>
    </Filter>
    <Filter Include="资源文件\3DObjectShader">
      <UniqueIdentifier>{11f7233d-f417-4211-9058-b5aff9cbdbd1}</UniqueIdentifier>
    </Filter>
    <Filter Include="资源文件\FontTexture">
      <UniqueIdentifier>{f0943f79-2901-46ce-ac6e-84dd97afa5b5}</UniqueIdentifier>
    </Filter>
  </ItemGroup>
  <ItemGroup>
    <ClCompile Include="MainManager.cpp">
      <Filter>Manager</Filter>
    </ClCompile>
    <ClCompile Include="SceneMgr.cpp">
      <Filter>Manager</Filter>
    </ClCompile>
    <ClCompile Include="Camera.cpp">
      <Filter>Entity</Filter>
    </ClCompile>
    <ClCompile Include="main.cpp" />
    <ClCompile Include="RenderWindow.cpp">
      <Filter>Entity</Filter>
    </ClCompile>
    <ClCompile Include="FontRenderer.cpp">
      <Filter>Manager</Filter>
    </ClCompile>
    <ClCompile Include="FontMesh.cpp">
      <Filter>Entity</Filter>
    </ClCompile>
  </ItemGroup>
  <ItemGroup>
    <ClInclude Include="MainManager.h">
      <Filter>Manager</Filter>
    </ClInclude>
    <ClInclude Include="SceneMgr.h">
      <Filter>Manager</Filter>
    </ClInclude>
    <ClInclude Include="Camera.h">
      <Filter>Entity</Filter>
    </ClInclude>
    <ClInclude Include="RenderWindow.h">
      <Filter>Entity</Filter>
    </ClInclude>
    <ClInclude Include="FontRenderer.h">
      <Filter>Manager</Filter>
    </ClInclude>
    <ClInclude Include="FontMesh.h">
      <Filter>Entity</Filter>
    </ClInclude>
  </ItemGroup>
  <ItemGroup>
    <None Include="Resources\FontShader\FragmentShader.glsl">
      <Filter>资源文件\FontShader</Filter>
    </None>
    <None Include="Resources\FontShader\VertexShader.glsl">
      <Filter>资源文件\FontShader</Filter>
    </None>
    <None Include="Resources\Point\FragmentShader.glsl">
      <Filter>资源文件\PointShader</Filter>
    </None>
    <None Include="Resources\Point\VertexShader.glsl">
      <Filter>资源文件\PointShader</Filter>
    </None>
    <None Include="Resources\FragmentShader.glsl">
      <Filter>资源文件\3DObjectShader</Filter>
    </None>
    <None Include="Resources\VertexShader.glsl">
      <Filter>资源文件\3DObjectShader</Filter>
    </None>
  </ItemGroup>
  <ItemGroup>
    <Image Include="Resources\Font\ASCII.bmp">
      <Filter>资源文件\FontTexture</Filter>
    </Image>
  </ItemGroup>
</Project>