
Microsoft Visual Studio Solution File, Format Version 12.00
# Visual Studio 15
VisualStudioVersion = 15.0.27703.2018
MinimumVisualStudioVersion = 10.0.40219.1
Project("{8BC9CEB8-8B4A-11D0-8D11-00A0C91BC942}") = "ModelViewer", "ModelViewer\ModelViewer.vcxproj", "{685DD110-8BB1-4BD1-8F6A-0F770EC2FDDB}"
	ProjectSection(ProjectDependencies) = postProject
		{18826417-11F1-4DB8-84F5-542065A5D691} = {18826417-11F1-4DB8-84F5-542065A5D691}
		{E2B2A927-8C0D-4EF3-9D7A-632A3D79A121} = {E2B2A927-8C0D-4EF3-9D7A-632A3D79A121}
		{C7217F52-1918-4B1F-9F12-810B8C2710ED} = {C7217F52-1918-4B1F-9F12-810B8C2710ED}
		{10B31A67-3187-39F5-8166-4BC9CB860D70} = {10B31A67-3187-39F5-8166-4BC9CB860D70}
		{C32FB2B4-500C-43CD-A099-EECCE079D3F1} = {C32FB2B4-500C-43CD-A099-EECCE079D3F1}
		{4B6F48FE-4A34-4A8D-88C9-C317C3FE9D22} = {4B6F48FE-4A34-4A8D-88C9-C317C3FE9D22}
	EndProjectSection
EndProject
Project("{8BC9CEB8-8B4A-11D0-8D11-00A0C91BC942}") = "glfw", "glfw\glfw.vcxproj", "{10B31A67-3187-39F5-8166-4BC9CB860D70}"
	ProjectSection(ProjectDependencies) = postProject
		{C7217F52-1918-4B1F-9F12-810B8C2710ED} = {C7217F52-1918-4B1F-9F12-810B8C2710ED}
	EndProjectSection
EndProject
Project("{8BC9CEB8-8B4A-11D0-8D11-00A0C91BC942}") = "glew", "glew\glew.vcxproj", "{C7217F52-1918-4B1F-9F12-810B8C2710ED}"
EndProject
Project("{8BC9CEB8-8B4A-11D0-8D11-00A0C91BC942}") = "WJMath", "WJMath\WJMath.vcxproj", "{18826417-11F1-4DB8-84F5-542065A5D691}"
EndProject
Project("{8BC9CEB8-8B4A-11D0-8D11-00A0C91BC942}") = "Base", "Base\Base.vcxproj", "{E2B2A927-8C0D-4EF3-9D7A-632A3D79A121}"
	ProjectSection(ProjectDependencies) = postProject
		{18826417-11F1-4DB8-84F5-542065A5D691} = {18826417-11F1-4DB8-84F5-542065A5D691}
		{C7217F52-1918-4B1F-9F12-810B8C2710ED} = {C7217F52-1918-4B1F-9F12-810B8C2710ED}
		{10B31A67-3187-39F5-8166-4BC9CB860D70} = {10B31A67-3187-39F5-8166-4BC9CB860D70}
	EndProjectSection
EndProject
Project("{8BC9CEB8-8B4A-11D0-8D11-00A0C91BC942}") = "FontManager", "FontManager\FontManager.vcxproj", "{4B6F48FE-4A34-4A8D-88C9-C317C3FE9D22}"
EndProject
Project("{8BC9CEB8-8B4A-11D0-8D11-00A0C91BC942}") = "SOIL", "SOIL\SOIL.vcxproj", "{C32FB2B4-500C-43CD-A099-EECCE079D3F1}"
EndProject
Global
	GlobalSection(SolutionConfigurationPlatforms) = preSolution
		Debug|x64 = Debug|x64
		Debug|x86 = Debug|x86
		Release|x64 = Release|x64
		Release|x86 = Release|x86
	EndGlobalSection
	GlobalSection(ProjectConfigurationPlatforms) = postSolution
		{685DD110-8BB1-4BD1-8F6A-0F770EC2FDDB}.Debug|x64.ActiveCfg = Debug|x64
		{685DD110-8BB1-4BD1-8F6A-0F770EC2FDDB}.Debug|x64.Build.0 = Debug|x64
		{685DD110-8BB1-4BD1-8F6A-0F770EC2FDDB}.Debug|x86.ActiveCfg = Debug|x64
		{685DD110-8BB1-4BD1-8F6A-0F770EC2FDDB}.Release|x64.ActiveCfg = Release|x64
		{685DD110-8BB1-4BD1-8F6A-0F770EC2FDDB}.Release|x64.Build.0 = Release|x64
		{685DD110-8BB1-4BD1-8F6A-0F770EC2FDDB}.Release|x86.ActiveCfg = Release|x64
		{10B31A67-3187-39F5-8166-4BC9CB860D70}.Debug|x64.ActiveCfg = Debug|x64
		{10B31A67-3187-39F5-8166-4BC9CB860D70}.Debug|x64.Build.0 = Debug|x64
		{10B31A67-3187-39F5-8166-4BC9CB860D70}.Debug|x86.ActiveCfg = Debug|x64
		{10B31A67-3187-39F5-8166-4BC9CB860D70}.Release|x64.ActiveCfg = Release|x64
		{10B31A67-3187-39F5-8166-4BC9CB860D70}.Release|x64.Build.0 = Release|x64
		{10B31A67-3187-39F5-8166-4BC9CB860D70}.Release|x86.ActiveCfg = Release|x64
		{C7217F52-1918-4B1F-9F12-810B8C2710ED}.Debug|x64.ActiveCfg = Debug|x64
		{C7217F52-1918-4B1F-9F12-810B8C2710ED}.Debug|x64.Build.0 = Debug|x64
		{C7217F52-1918-4B1F-9F12-810B8C2710ED}.Debug|x86.ActiveCfg = Debug|Win32
		{C7217F52-1918-4B1F-9F12-810B8C2710ED}.Debug|x86.Build.0 = Debug|Win32
		{C7217F52-1918-4B1F-9F12-810B8C2710ED}.Release|x64.ActiveCfg = Release|x64
		{C7217F52-1918-4B1F-9F12-810B8C2710ED}.Release|x64.Build.0 = Release|x64
		{C7217F52-1918-4B1F-9F12-810B8C2710ED}.Release|x86.ActiveCfg = Release|Win32
		{C7217F52-1918-4B1F-9F12-810B8C2710ED}.Release|x86.Build.0 = Release|Win32
		{18826417-11F1-4DB8-84F5-542065A5D691}.Debug|x64.ActiveCfg = Debug|x64
		{18826417-11F1-4DB8-84F5-542065A5D691}.Debug|x64.Build.0 = Debug|x64
		{18826417-11F1-4DB8-84F5-542065A5D691}.Debug|x86.ActiveCfg = Debug|Win32
		{18826417-11F1-4DB8-84F5-542065A5D691}.Debug|x86.Build.0 = Debug|Win32
		{18826417-11F1-4DB8-84F5-542065A5D691}.Release|x64.ActiveCfg = Release|x64
		{18826417-11F1-4DB8-84F5-542065A5D691}.Release|x64.Build.0 = Release|x64
		{18826417-11F1-4DB8-84F5-542065A5D691}.Release|x86.ActiveCfg = Release|Win32
		{18826417-11F1-4DB8-84F5-542065A5D691}.Release|x86.Build.0 = Release|Win32
		{E2B2A927-8C0D-4EF3-9D7A-632A3D79A121}.Debug|x64.ActiveCfg = Debug|x64
		{E2B2A927-8C0D-4EF3-9D7A-632A3D79A121}.Debug|x64.Build.0 = Debug|x64
		{E2B2A927-8C0D-4EF3-9D7A-632A3D79A121}.Debug|x86.ActiveCfg = Debug|Win32
		{E2B2A927-8C0D-4EF3-9D7A-632A3D79A121}.Debug|x86.Build.0 = Debug|Win32
		{E2B2A927-8C0D-4EF3-9D7A-632A3D79A121}.Release|x64.ActiveCfg = Release|x64
		{E2B2A927-8C0D-4EF3-9D7A-632A3D79A121}.Release|x64.Build.0 = Release|x64
		{E2B2A927-8C0D-4EF3-9D7A-632A3D79A121}.Release|x86.ActiveCfg = Release|Win32
		{E2B2A927-8C0D-4EF3-9D7A-632A3D79A121}.Release|x86.Build.0 = Release|Win32
		{4B6F48FE-4A34-4A8D-88C9-C317C3FE9D22}.Debug|x64.ActiveCfg = Debug|x64
		{4B6F48FE-4A34-4A8D-88C9-C317C3FE9D22}.Debug|x64.Build.0 = Debug|x64
		{4B6F48FE-4A34-4A8D-88C9-C317C3FE9D22}.Debug|x86.ActiveCfg = Debug|Win32
		{4B6F48FE-4A34-4A8D-88C9-C317C3FE9D22}.Debug|x86.Build.0 = Debug|Win32
		{4B6F48FE-4A34-4A8D-88C9-C317C3FE9D22}.Release|x64.ActiveCfg = Release|x64
		{4B6F48FE-4A34-4A8D-88C9-C317C3FE9D22}.Release|x64.Build.0 = Release|x64
		{4B6F48FE-4A34-4A8D-88C9-C317C3FE9D22}.Release|x86.ActiveCfg = Release|Win32
		{4B6F48FE-4A34-4A8D-88C9-C317C3FE9D22}.Release|x86.Build.0 = Release|Win32
		{C32FB2B4-500C-43CD-A099-EECCE079D3F1}.Debug|x64.ActiveCfg = Debug|x64
		{C32FB2B4-500C-43CD-A099-EECCE079D3F1}.Debug|x64.Build.0 = Debug|x64
		{C32FB2B4-500C-43CD-A099-EECCE079D3F1}.Debug|x86.ActiveCfg = Debug|Win32
		{C32FB2B4-500C-43CD-A099-EECCE079D3F1}.Debug|x86.Build.0 = Debug|Win32
		{C32FB2B4-500C-43CD-A099-EECCE079D3F1}.Release|x64.ActiveCfg = Release|x64
		{C32FB2B4-500C-43CD-A099-EECCE079D3F1}.Release|x64.Build.0 = Release|x64
		{C32FB2B4-500C-43CD-A099-EECCE079D3F1}.Release|x86.ActiveCfg = Release|Win32
		{C32FB2B4-500C-43CD-A099-EECCE079D3F1}.Release|x86.Build.0 = Release|Win32
	EndGlobalSection
	GlobalSection(SolutionProperties) = preSolution
		HideSolutionNode = FALSE
	EndGlobalSection
	GlobalSection(ExtensibilityGlobals) = postSolution
		SolutionGuid = {CDB74DBE-ECE9-4B9C-9375-1D2CC47C5555}
	EndGlobalSection
EndGlobal
